lockfileVersion: 5.4

specifiers:
  '@types/node': ^18.15.5
  pdf-merger-js: ^4.3.0
  playwright: ^1.32.1
  typescript: ^5.0.2

devDependencies:
  '@types/node': 18.15.5
  pdf-merger-js: 4.3.0
  playwright: 1.32.1
  typescript: 5.0.2

packages:

  /@pdf-lib/standard-fonts/1.0.0:
    resolution: {integrity: sha512-hU30BK9IUN/su0Mn9VdlVKsWBS6GyhVfqjwl1FjZN4TxP6cCw0jP2w7V3Hf5uX7M0AZJ16vey9yE0ny7Sa59ZA==}
    dependencies:
      pako: 1.0.11
    dev: true

  /@pdf-lib/upng/1.0.1:
    resolution: {integrity: sha512-dQK2FUMQtowVP00mtIksrlZhdFXQZPC+taih1q4CvPZ5vqdxR/LKBaFg0oAfzd1GlHZXXSPdQfzQnt+ViGvEIQ==}
    dependencies:
      pako: 1.0.11
    dev: true

  /@types/node/18.15.5:
    resolution: {integrity: sha512-Ark2WDjjZO7GmvsyFFf81MXuGTA/d6oP38anyxWOL6EREyBKAxKoFHwBhaZxCfLRLpO8JgVXwqOwSwa7jRcjew==}
    dev: true

  /pako/1.0.11:
    resolution: {integrity: sha512-4hLB8Py4zZce5s4yd9XzopqwVv/yGNhV1Bl8NTmCq1763HeK2+EwVTv+leGeL13Dnh2wfbqowVPXCIO0z4taYw==}
    dev: true

  /pdf-lib/1.17.1:
    resolution: {integrity: sha512-V/mpyJAoTsN4cnP31vc0wfNA1+p20evqqnap0KLoRUN0Yk/p3wN52DOEsL4oBFcLdb76hlpKPtzJIgo67j/XLw==}
    dependencies:
      '@pdf-lib/standard-fonts': 1.0.0
      '@pdf-lib/upng': 1.0.1
      pako: 1.0.11
      tslib: 1.14.1
    dev: true

  /pdf-merger-js/4.3.0:
    resolution: {integrity: sha512-dntTfB9EzvAAEJtHmGsEcLq2oZIsojpr1eMYBEXbDkNAYVgI0GC+UezPDnaDM1azW3pXRAENWBmwgZKnNafZwA==}
    dependencies:
      pdf-lib: 1.17.1
    dev: true

  /playwright-core/1.32.1:
    resolution: {integrity: sha512-KZYUQC10mXD2Am1rGlidaalNGYk3LU1vZqqNk0gT4XPty1jOqgup8KDP8l2CUlqoNKhXM5IfGjWgW37xvGllBA==}
    engines: {node: '>=14'}
    hasBin: true
    dev: true

  /playwright/1.32.1:
    resolution: {integrity: sha512-GnEizysWMvoqHC3I9l8+4/ZxeLwLNdJJG76xdKGxzOcIZDcw5RSk/FKrFb5CuA+zcLpjIM2p9eR9Z4CuUDkWXg==}
    engines: {node: '>=14'}
    hasBin: true
    requiresBuild: true
    dependencies:
      playwright-core: 1.32.1
    dev: true

  /tslib/1.14.1:
    resolution: {integrity: sha512-Xni35NKzjgMrwevysHTCArtLDpPvye8zV/0E4EyYn43P7/7qvQwPh9BGkHewbMulVntbigmcT7rdX3BNo9wRJg==}
    dev: true

  /typescript/5.0.2:
    resolution: {integrity: sha512-wVORMBGO/FAs/++blGNeAVdbNKtIh1rbBL2EyQ1+J9lClJ93KiiKe8PmFIVdXhHcyv44SL9oglmfeSsndo0jRw==}
    engines: {node: '>=12.20'}
    hasBin: true
    dev: true
