lockfileVersion: 5.4

specifiers:
  '@playwright/test': ^1.31.2
  '@types/node': ^18.15.5
  typescript: ^5.0.2

devDependencies:
  '@playwright/test': 1.31.2
  '@types/node': 18.15.5
  typescript: 5.0.2

packages:

  /@playwright/test/1.31.2:
    resolution: {integrity: sha512-BYVutxDI4JeZKV1+ups6dt5WiqKhjBtIYowyZIJ3kBDmJgsuPKsqqKNIMFbUePLSCmp2cZu+BDL427RcNKTRYw==}
    engines: {node: '>=14'}
    hasBin: true
    dependencies:
      '@types/node': 18.15.5
      playwright-core: 1.31.2
    optionalDependencies:
      fsevents: 2.3.2
    dev: true

  /@types/node/18.15.5:
    resolution: {integrity: sha512-Ark2WDjjZO7GmvsyFFf81MXuGTA/d6oP38anyxWOL6EREyBKAxKoFHwBhaZxCfLRLpO8JgVXwqOwSwa7jRcjew==}
    dev: true

  /fsevents/2.3.2:
    resolution: {integrity: sha512-xiqMQR4xAeHTuB9uWm+fFRcIOgKBMiOBP+eXiyT7jsgVCq1bkVygt00oASowB7EdtpOHaaPgKt812P9ab+DDKA==}
    engines: {node: ^8.16.0 || ^10.6.0 || >=11.0.0}
    os: [darwin]
    requiresBuild: true
    dev: true
    optional: true

  /playwright-core/1.31.2:
    resolution: {integrity: sha512-a1dFgCNQw4vCsG7bnojZjDnPewZcw7tZUNFN0ZkcLYKj+mPmXvg4MpaaKZ5SgqPsOmqIf2YsVRkgqiRDxD+fDQ==}
    engines: {node: '>=14'}
    hasBin: true
    dev: true

  /typescript/5.0.2:
    resolution: {integrity: sha512-wVORMBGO/FAs/++blGNeAVdbNKtIh1rbBL2EyQ1+J9lClJ93KiiKe8PmFIVdXhHcyv44SL9oglmfeSsndo0jRw==}
    engines: {node: '>=12.20'}
    hasBin: true
    dev: true
